// !$*UTF8*$!
{
	archiveVersion = 1;
	classes = {
	};
	objectVersion = 56;
	objects = {

/* Begin PBXBuildFile section */
		1218BBA12BA64641006BBCE4 /* main.swift in Sources */ = {isa = PBXBuildFile; fileRef = 1218BBA02BA64641006BBCE4 /* main.swift */; };
		1218BBA92BA6466C006BBCE4 /* MLX in Frameworks */ = {isa = PBXBuildFile; productRef = 1218BBA82BA6466C006BBCE4 /* MLX */; };
		1218BBAB2BA6466C006BBCE4 /* MLXFFT in Frameworks */ = {isa = PBXBuildFile; productRef = 1218BBAA2BA6466C006BBCE4 /* MLXFFT */; };
		1218BBAD2BA6466C006BBCE4 /* MLXLinalg in Frameworks */ = {isa = PBXBuildFile; productRef = 1218BBAC2BA6466C006BBCE4 /* MLXLinalg */; };
		1218BBAF2BA6466C006BBCE4 /* MLXNN in Frameworks */ = {isa = PBXBuildFile; productRef = 1218BBAE2BA6466C006BBCE4 /* MLXNN */; };
		1218BBB12BA6466C006BBCE4 /* MLXOptimizers in Frameworks */ = {isa = PBXBuildFile; productRef = 1218BBB02BA6466C006BBCE4 /* MLXOptimizers */; };
/* End PBXBuildFile section */

/* Begin PBXCopyFilesBuildPhase section */
		1218BB9B2BA64641006BBCE4 /* CopyFiles */ = {
			isa = PBXCopyFilesBuildPhase;
			buildActionMask = 2147483647;
			dstPath = /usr/share/man/man1/;
			dstSubfolderSpec = 0;
			files = (
			);
			runOnlyForDeploymentPostprocessing = 1;
		};
/* End PBXCopyFilesBuildPhase section */

/* Begin PBXFileReference section */
		1218BB9D2BA64641006BBCE4 /* MLXTinyGPT */ = {isa = PBXFileReference; explicitFileType = "compiled.mach-o.executable"; includeInIndex = 0; path = MLXTinyGPT; sourceTree = BUILT_PRODUCTS_DIR; };
		1218BBA02BA64641006BBCE4 /* main.swift */ = {isa = PBXFileReference; lastKnownFileType = sourcecode.swift; path = main.swift; sourceTree = "<group>"; };
/* End PBXFileReference section */

/* Begin PBXFrameworksBuildPhase section */
		1218BB9A2BA64641006BBCE4 /* Frameworks */ = {
			isa = PBXFrameworksBuildPhase;
			buildActionMask = 2147483647;
			files = (
				1218BBB12BA6466C006BBCE4 /* MLXOptimizers in Frameworks */,
				1218BBA92BA6466C006BBCE4 /* MLX in Frameworks */,
				1218BBAD2BA6466C006BBCE4 /* MLXLinalg in Frameworks */,
				1218BBAF2BA6466C006BBCE4 /* MLXNN in Frameworks */,
				1218BBAB2BA6466C006BBCE4 /* MLXFFT in Frameworks */,
			);
			runOnlyForDeploymentPostprocessing = 0;
		};
/* End PBXFrameworksBuildPhase section */

/* Begin PBXGroup section */
		1218BB942BA64641006BBCE4 = {
			isa = PBXGroup;
			children = (
				1218BB9F2BA64641006BBCE4 /* MLXTinyGPT */,
				1218BB9E2BA64641006BBCE4 /* Products */,
			);
			sourceTree = "<group>";
		};
		1218BB9E2BA64641006BBCE4 /* Products */ = {
			isa = PBXGroup;
			children = (
				1218BB9D2BA64641006BBCE4 /* MLXTinyGPT */,
			);
			name = Products;
			sourceTree = "<group>";
		};
		1218BB9F2BA64641006BBCE4 /* MLXTinyGPT */ = {
			isa = PBXGroup;
			children = (
				1218BBA02BA64641006BBCE4 /* main.swift */,
			);
			path = MLXTinyGPT;
			sourceTree = "<group>";
		};
/* End PBXGroup section */

/* Begin PBXNativeTarget section */
		1218BB9C2BA64641006BBCE4 /* MLXTinyGPT */ = {
			isa = PBXNativeTarget;
			buildConfigurationList = 1218BBA42BA64641006BBCE4 /* Build configuration list for PBXNativeTarget "MLXTinyGPT" */;
			buildPhases = (
				1218BB992BA64641006BBCE4 /* Sources */,
				1218BB9A2BA64641006BBCE4 /* Frameworks */,
				1218BB9B2BA64641006BBCE4 /* CopyFiles */,
			);
			buildRules = (
			);
			dependencies = (
			);
			name = MLXTinyGPT;
			packageProductDependencies = (
				1218BBA82BA6466C006BBCE4 /* MLX */,
				1218BBAA2BA6466C006BBCE4 /* MLXFFT */,
				1218BBAC2BA6466C006BBCE4 /* MLXLinalg */,
				1218BBAE2BA6466C006BBCE4 /* MLXNN */,
				1218BBB02BA6466C006BBCE4 /* MLXOptimizers */,
			);
			productName = MLXTinyGPT;
			productReference = 1218BB9D2BA64641006BBCE4 /* MLXTinyGPT */;
			productType = "com.apple.product-type.tool";
		};
/* End PBXNativeTarget section */

/* Begin PBXProject section */
		1218BB952BA64641006BBCE4 /* Project object */ = {
			isa = PBXProject;
			attributes = {
				BuildIndependentTargetsInParallel = 1;
				LastSwiftUpdateCheck = 1520;
				LastUpgradeCheck = 1530;
				TargetAttributes = {
					1218BB9C2BA64641006BBCE4 = {
						CreatedOnToolsVersion = 15.2;
					};
				};
			};
			buildConfigurationList = 1218BB982BA64641006BBCE4 /* Build configuration list for PBXProject "MLXTinyGPT" */;
			compatibilityVersion = "Xcode 14.0";
			developmentRegion = en;
			hasScannedForEncodings = 0;
			knownRegions = (
				en,
				Base,
			);
			mainGroup = 1218BB942BA64641006BBCE4;
			packageReferences = (
				1218BBA72BA6466C006BBCE4 /* XCRemoteSwiftPackageReference "mlx-swift" */,
			);
			productRefGroup = 1218BB9E2BA64641006BBCE4 /* Products */;
			projectDirPath = "";
			projectRoot = "";
			targets = (
				1218BB9C2BA64641006BBCE4 /* MLXTinyGPT */,
			);
		};
/* End PBXProject section */

/* Begin PBXSourcesBuildPhase section */
		1218BB992BA64641006BBCE4 /* Sources */ = {
			isa = PBXSourcesBuildPhase;
			buildActionMask = 2147483647;
			files = (
				1218BBA12BA64641006BBCE4 /* main.swift in Sources */,
			);
			runOnlyForDeploymentPostprocessing = 0;
		};
/* End PBXSourcesBuildPhase section */

/* Begin XCBuildConfiguration section */
		1218BBA22BA64641006BBCE4 /* Debug */ = {
			isa = XCBuildConfiguration;
			buildSettings = {
				ALWAYS_SEARCH_USER_PATHS = NO;
				ASSETCATALOG_COMPILER_GENERATE_SWIFT_ASSET_SYMBOL_EXTENSIONS = YES;
				CLANG_ANALYZER_NONNULL = YES;
				CLANG_ANALYZER_NUMBER_OBJECT_CONVERSION = YES_AGGRESSIVE;
				CLANG_CXX_LANGUAGE_STANDARD = "gnu++20";
				CLANG_ENABLE_MODULES = YES;
				CLANG_ENABLE_OBJC_ARC = YES;
				CLANG_ENABLE_OBJC_WEAK = YES;
				CLANG_WARN_BLOCK_CAPTURE_AUTORELEASING = YES;
				CLANG_WARN_BOOL_CONVERSION = YES;
				CLANG_WARN_COMMA = YES;
				CLANG_WARN_CONSTANT_CONVERSION = YES;
				CLANG_WARN_DEPRECATED_OBJC_IMPLEMENTATIONS = YES;
				CLANG_WARN_DIRECT_OBJC_ISA_USAGE = YES_ERROR;
				CLANG_WARN_DOCUMENTATION_COMMENTS = YES;
				CLANG_WARN_EMPTY_BODY = YES;
				CLANG_WARN_ENUM_CONVERSION = YES;
				CLANG_WARN_INFINITE_RECURSION = YES;
				CLANG_WARN_INT_CONVERSION = YES;
				CLANG_WARN_NON_LITERAL_NULL_CONVERSION = YES;
				CLANG_WARN_OBJC_IMPLICIT_RETAIN_SELF = YES;
				CLANG_WARN_OBJC_LITERAL_CONVERSION = YES;
				CLANG_WARN_OBJC_ROOT_CLASS = YES_ERROR;
				CLANG_WARN_QUOTED_INCLUDE_IN_FRAMEWORK_HEADER = YES;
				CLANG_WARN_RANGE_LOOP_ANALYSIS = YES;
				CLANG_WARN_STRICT_PROTOTYPES = YES;
				CLANG_WARN_SUSPICIOUS_MOVE = YES;
				CLANG_WARN_UNGUARDED_AVAILABILITY = YES_AGGRESSIVE;
				CLANG_WARN_UNREACHABLE_CODE = YES;
				CLANG_WARN__DUPLICATE_METHOD_MATCH = YES;
				COPY_PHASE_STRIP = NO;
				DEAD_CODE_STRIPPING = YES;
				DEBUG_INFORMATION_FORMAT = dwarf;
				ENABLE_STRICT_OBJC_MSGSEND = YES;
				ENABLE_TESTABILITY = YES;
				ENABLE_USER_SCRIPT_SANDBOXING = YES;
				GCC_C_LANGUAGE_STANDARD = gnu17;
				GCC_DYNAMIC_NO_PIC = NO;
				GCC_NO_COMMON_BLOCKS = YES;
				GCC_OPTIMIZATION_LEVEL = 0;
				GCC_PREPROCESSOR_DEFINITIONS = (
					"DEBUG=1",
					"$(inherited)",
				);
				GCC_WARN_64_TO_32_BIT_CONVERSION = YES;
				GCC_WARN_ABOUT_RETURN_TYPE = YES_ERROR;
				GCC_WARN_UNDECLARED_SELECTOR = YES;
				GCC_WARN_UNINITIALIZED_AUTOS = YES_AGGRESSIVE;
				GCC_WARN_UNUSED_FUNCTION = YES;
				GCC_WARN_UNUSED_VARIABLE = YES;
				LOCALIZATION_PREFERS_STRING_CATALOGS = YES;
				MACOSX_DEPLOYMENT_TARGET = 14.2;
				MTL_ENABLE_DEBUG_INFO = INCLUDE_SOURCE;
				MTL_FAST_MATH = YES;
				ONLY_ACTIVE_ARCH = YES;
				SDKROOT = macosx;
				SWIFT_ACTIVE_COMPILATION_CONDITIONS = "DEBUG $(inherited)";
				SWIFT_OPTIMIZATION_LEVEL = "-Onone";
			};
			name = Debug;
		};
		1218BBA32BA64641006BBCE4 /* Release */ = {
			isa = XCBuildConfiguration;
			buildSettings = {
				ALWAYS_SEARCH_USER_PATHS = NO;
				ASSETCATALOG_COMPILER_GENERATE_SWIFT_ASSET_SYMBOL_EXTENSIONS = YES;
				CLANG_ANALYZER_NONNULL = YES;
				CLANG_ANALYZER_NUMBER_OBJECT_CONVERSION = YES_AGGRESSIVE;
				CLANG_CXX_LANGUAGE_STANDARD = "gnu++20";
				CLANG_ENABLE_MODULES = YES;
				CLANG_ENABLE_OBJC_ARC = YES;
				CLANG_ENABLE_OBJC_WEAK = YES;
				CLANG_WARN_BLOCK_CAPTURE_AUTORELEASING = YES;
				CLANG_WARN_BOOL_CONVERSION = YES;
				CLANG_WARN_COMMA = YES;
				CLANG_WARN_CONSTANT_CONVERSION = YES;
				CLANG_WARN_DEPRECATED_OBJC_IMPLEMENTATIONS = YES;
				CLANG_WARN_DIRECT_OBJC_ISA_USAGE = YES_ERROR;
				CLANG_WARN_DOCUMENTATION_COMMENTS = YES;
				CLANG_WARN_EMPTY_BODY = YES;
				CLANG_WARN_ENUM_CONVERSION = YES;
				CLANG_WARN_INFINITE_RECURSION = YES;
				CLANG_WARN_INT_CONVERSION = YES;
				CLANG_WARN_NON_LITERAL_NULL_CONVERSION = YES;
				CLANG_WARN_OBJC_IMPLICIT_RETAIN_SELF = YES;
				CLANG_WARN_OBJC_LITERAL_CONVERSION = YES;
				CLANG_WARN_OBJC_ROOT_CLASS = YES_ERROR;
				CLANG_WARN_QUOTED_INCLUDE_IN_FRAMEWORK_HEADER = YES;
				CLANG_WARN_RANGE_LOOP_ANALYSIS = YES;
				CLANG_WARN_STRICT_PROTOTYPES = YES;
				CLANG_WARN_SUSPICIOUS_MOVE = YES;
				CLANG_WARN_UNGUARDED_AVAILABILITY = YES_AGGRESSIVE;
				CLANG_WARN_UNREACHABLE_CODE = YES;
				CLANG_WARN__DUPLICATE_METHOD_MATCH = YES;
				COPY_PHASE_STRIP = NO;
				DEAD_CODE_STRIPPING = YES;
				DEBUG_INFORMATION_FORMAT = "dwarf-with-dsym";
				ENABLE_NS_ASSERTIONS = NO;
				ENABLE_STRICT_OBJC_MSGSEND = YES;
				ENABLE_USER_SCRIPT_SANDBOXING = YES;
				GCC_C_LANGUAGE_STANDARD = gnu17;
				GCC_NO_COMMON_BLOCKS = YES;
				GCC_WARN_64_TO_32_BIT_CONVERSION = YES;
				GCC_WARN_ABOUT_RETURN_TYPE = YES_ERROR;
				GCC_WARN_UNDECLARED_SELECTOR = YES;
				GCC_WARN_UNINITIALIZED_AUTOS = YES_AGGRESSIVE;
				GCC_WARN_UNUSED_FUNCTION = YES;
				GCC_WARN_UNUSED_VARIABLE = YES;
				LOCALIZATION_PREFERS_STRING_CATALOGS = YES;
				MACOSX_DEPLOYMENT_TARGET = 14.2;
				MTL_ENABLE_DEBUG_INFO = NO;
				MTL_FAST_MATH = YES;
				SDKROOT = macosx;
				SWIFT_COMPILATION_MODE = wholemodule;
			};
			name = Release;
		};
		1218BBA52BA64641006BBCE4 /* Debug */ = {
			isa = XCBuildConfiguration;
			buildSettings = {
				CODE_SIGN_STYLE = Automatic;
				DEAD_CODE_STRIPPING = YES;
				DEVELOPMENT_TEAM = AJB2T8B3T9;
				ENABLE_HARDENED_RUNTIME = YES;
				PRODUCT_NAME = "$(TARGET_NAME)";
				SWIFT_VERSION = 5.0;
			};
			name = Debug;
		};
		1218BBA62BA64641006BBCE4 /* Release */ = {
			isa = XCBuildConfiguration;
			buildSettings = {
				CODE_SIGN_STYLE = Automatic;
				DEAD_CODE_STRIPPING = YES;
				DEVELOPMENT_TEAM = AJB2T8B3T9;
				ENABLE_HARDENED_RUNTIME = YES;
				PRODUCT_NAME = "$(TARGET_NAME)";
				SWIFT_VERSION = 5.0;
			};
			name = Release;
		};
/* End XCBuildConfiguration section */

/* Begin XCConfigurationList section */
		1218BB982BA64641006BBCE4 /* Build configuration list for PBXProject "MLXTinyGPT" */ = {
			isa = XCConfigurationList;
			buildConfigurations = (
				1218BBA22BA64641006BBCE4 /* Debug */,
				1218BBA32BA64641006BBCE4 /* Release */,
			);
			defaultConfigurationIsVisible = 0;
			defaultConfigurationName = Release;
		};
		1218BBA42BA64641006BBCE4 /* Build configuration list for PBXNativeTarget "MLXTinyGPT" */ = {
			isa = XCConfigurationList;
			buildConfigurations = (
				1218BBA52BA64641006BBCE4 /* Debug */,
				1218BBA62BA64641006BBCE4 /* Release */,
			);
			defaultConfigurationIsVisible = 0;
			defaultConfigurationName = Release;
		};
/* End XCConfigurationList section */

/* Begin XCRemoteSwiftPackageReference section */
		1218BBA72BA6466C006BBCE4 /* XCRemoteSwiftPackageReference "mlx-swift" */ = {
			isa = XCRemoteSwiftPackageReference;
			repositoryURL = "https://github.com/ml-explore/mlx-swift";
			requirement = {
				kind = upToNextMajorVersion;
				minimumVersion = 0.10.0;
			};
		};
/* End XCRemoteSwiftPackageReference section */

/* Begin XCSwiftPackageProductDependency section */
		1218BBA82BA6466C006BBCE4 /* MLX */ = {
			isa = XCSwiftPackageProductDependency;
			package = 1218BBA72BA6466C006BBCE4 /* XCRemoteSwiftPackageReference "mlx-swift" */;
			productName = MLX;
		};
		1218BBAA2BA6466C006BBCE4 /* MLXFFT */ = {
			isa = XCSwiftPackageProductDependency;
			package = 1218BBA72BA6466C006BBCE4 /* XCRemoteSwiftPackageReference "mlx-swift" */;
			productName = MLXFFT;
		};
		1218BBAC2BA6466C006BBCE4 /* MLXLinalg */ = {
			isa = XCSwiftPackageProductDependency;
			package = 1218BBA72BA6466C006BBCE4 /* XCRemoteSwiftPackageReference "mlx-swift" */;
			productName = MLXLinalg;
		};
		1218BBAE2BA6466C006BBCE4 /* MLXNN */ = {
			isa = XCSwiftPackageProductDependency;
			package = 1218BBA72BA6466C006BBCE4 /* XCRemoteSwiftPackageReference "mlx-swift" */;
			productName = MLXNN;
		};
		1218BBB02BA6466C006BBCE4 /* MLXOptimizers */ = {
			isa = XCSwiftPackageProductDependency;
			package = 1218BBA72BA6466C006BBCE4 /* XCRemoteSwiftPackageReference "mlx-swift" */;
			productName = MLXOptimizers;
		};
/* End XCSwiftPackageProductDependency section */
	};
	rootObject = 1218BB952BA64641006BBCE4 /* Project object */;
}
